// !$*UTF8*$!
{
	archiveVersion = 1;
	classes = {
	};
	objectVersion = 46;
	objects = {

/* Begin PBXBuildFile section */
		F95A96581D100AC100C87F18 /* RegisterViewController.swift in Sources */ = {isa = PBXBuildFile; fileRef = F95A96571D100AC100C87F18 /* RegisterViewController.swift */; };
		F99584EA1D0589210027DF1F /* AppDelegate.swift in Sources */ = {isa = PBXBuildFile; fileRef = F99584E91D0589210027DF1F /* AppDelegate.swift */; };
		F99584EC1D0589210027DF1F /* ViewController.swift in Sources */ = {isa = PBXBuildFile; fileRef = F99584EB1D0589210027DF1F /* ViewController.swift */; };
		F99584EF1D0589210027DF1F /* Main.storyboard in Resources */ = {isa = PBXBuildFile; fileRef = F99584ED1D0589210027DF1F /* Main.storyboard */; };
		F99584F11D0589210027DF1F /* Assets.xcassets in Resources */ = {isa = PBXBuildFile; fileRef = F99584F01D0589210027DF1F /* Assets.xcassets */; };
		F99584F41D0589210027DF1F /* LaunchScreen.storyboard in Resources */ = {isa = PBXBuildFile; fileRef = F99584F21D0589210027DF1F /* LaunchScreen.storyboard */; };
		F99585061D058D110027DF1F /* .gitkeep in Resources */ = {isa = PBXBuildFile; fileRef = F99585031D058D110027DF1F /* .gitkeep */; };
		F99585071D058D110027DF1F /* MMMaterialDesignSpinner.m in Sources */ = {isa = PBXBuildFile; fileRef = F99585051D058D110027DF1F /* MMMaterialDesignSpinner.m */; };
		F995850A1D0592540027DF1F /* LoginViewController.swift in Sources */ = {isa = PBXBuildFile; fileRef = F99585091D0592540027DF1F /* LoginViewController.swift */; };
		F9BA58941D06CC4700437C59 /* Spinner.swift in Sources */ = {isa = PBXBuildFile; fileRef = F9BA58931D06CC4700437C59 /* Spinner.swift */; };
		F9CE80131D0FA162008CE3EF /* PPActionSheet.swift in Sources */ = {isa = PBXBuildFile; fileRef = F9CE80121D0FA162008CE3EF /* PPActionSheet.swift */; };
/* End PBXBuildFile section */

/* Begin PBXFileReference section */
		F95A96571D100AC100C87F18 /* RegisterViewController.swift */ = {isa = PBXFileReference; fileEncoding = 4; lastKnownFileType = sourcecode.swift; path = RegisterViewController.swift; sourceTree = "<group>"; };
		F99584E61D0589210027DF1F /* MyIn.app */ = {isa = PBXFileReference; explicitFileType = wrapper.application; includeInIndex = 0; path = MyIn.app; sourceTree = BUILT_PRODUCTS_DIR; };
		F99584E91D0589210027DF1F /* AppDelegate.swift */ = {isa = PBXFileReference; lastKnownFileType = sourcecode.swift; path = AppDelegate.swift; sourceTree = "<group>"; };
		F99584EB1D0589210027DF1F /* ViewController.swift */ = {isa = PBXFileReference; lastKnownFileType = sourcecode.swift; path = ViewController.swift; sourceTree = "<group>"; };
		F99584EE1D0589210027DF1F /* Base */ = {isa = PBXFileReference; lastKnownFileType = file.storyboard; name = Base; path = Base.lproj/Main.storyboard; sourceTree = "<group>"; };
		F99584F01D0589210027DF1F /* Assets.xcassets */ = {isa = PBXFileReference; lastKnownFileType = folder.assetcatalog; path = Assets.xcassets; sourceTree = "<group>"; };
		F99584F31D0589210027DF1F /* Base */ = {isa = PBXFileReference; lastKnownFileType = file.storyboard; name = Base; path = Base.lproj/LaunchScreen.storyboard; sourceTree = "<group>"; };
		F99584F51D0589210027DF1F /* Info.plist */ = {isa = PBXFileReference; lastKnownFileType = text.plist.xml; path = Info.plist; sourceTree = "<group>"; };
		F99585031D058D110027DF1F /* .gitkeep */ = {isa = PBXFileReference; fileEncoding = 4; lastKnownFileType = text; path = .gitkeep; sourceTree = "<group>"; };
		F99585041D058D110027DF1F /* MMMaterialDesignSpinner.h */ = {isa = PBXFileReference; fileEncoding = 4; lastKnownFileType = sourcecode.c.h; path = MMMaterialDesignSpinner.h; sourceTree = "<group>"; };
		F99585051D058D110027DF1F /* MMMaterialDesignSpinner.m */ = {isa = PBXFileReference; fileEncoding = 4; lastKnownFileType = sourcecode.c.objc; path = MMMaterialDesignSpinner.m; sourceTree = "<group>"; };
		F99585091D0592540027DF1F /* LoginViewController.swift */ = {isa = PBXFileReference; fileEncoding = 4; lastKnownFileType = sourcecode.swift; path = LoginViewController.swift; sourceTree = "<group>"; };
		F9BA58931D06CC4700437C59 /* Spinner.swift */ = {isa = PBXFileReference; fileEncoding = 4; lastKnownFileType = sourcecode.swift; path = Spinner.swift; sourceTree = "<group>"; };
		F9CE80121D0FA162008CE3EF /* PPActionSheet.swift */ = {isa = PBXFileReference; fileEncoding = 4; lastKnownFileType = sourcecode.swift; path = PPActionSheet.swift; sourceTree = "<group>"; };
/* End PBXFileReference section */

/* Begin PBXFrameworksBuildPhase section */
		F99584E31D0589210027DF1F /* Frameworks */ = {
			isa = PBXFrameworksBuildPhase;
			buildActionMask = 2147483647;
			files = (
			);
			runOnlyForDeploymentPostprocessing = 0;
		};
/* End PBXFrameworksBuildPhase section */

/* Begin PBXGroup section */
		F99584DD1D0589210027DF1F = {
			isa = PBXGroup;
			children = (
				F99584E81D0589210027DF1F /* MyIn */,
				F99584E71D0589210027DF1F /* Products */,
			);
			sourceTree = "<group>";
		};
		F99584E71D0589210027DF1F /* Products */ = {
			isa = PBXGroup;
			children = (
				F99584E61D0589210027DF1F /* MyIn.app */,
			);
			name = Products;
			sourceTree = "<group>";
		};
		F99584E81D0589210027DF1F /* MyIn */ = {
			isa = PBXGroup;
			children = (
				F99585081D058D3B0027DF1F /* Login */,
				F99584FB1D058C8E0027DF1F /* Vender */,
				F99584E91D0589210027DF1F /* AppDelegate.swift */,
				F99584EB1D0589210027DF1F /* ViewController.swift */,
				F99584ED1D0589210027DF1F /* Main.storyboard */,
				F99584F01D0589210027DF1F /* Assets.xcassets */,
				F99584F21D0589210027DF1F /* LaunchScreen.storyboard */,
				F99584F51D0589210027DF1F /* Info.plist */,
			);
			path = MyIn;
			sourceTree = "<group>";
		};
		F99584FB1D058C8E0027DF1F /* Vender */ = {
			isa = PBXGroup;
			children = (
				F99585021D058D110027DF1F /* Spinner */,
				F9BA58931D06CC4700437C59 /* Spinner.swift */,
				F9CE80121D0FA162008CE3EF /* PPActionSheet.swift */,
			);
			path = Vender;
			sourceTree = "<group>";
		};
		F99585021D058D110027DF1F /* Spinner */ = {
			isa = PBXGroup;
			children = (
				F99585031D058D110027DF1F /* .gitkeep */,
				F99585041D058D110027DF1F /* MMMaterialDesignSpinner.h */,
				F99585051D058D110027DF1F /* MMMaterialDesignSpinner.m */,
			);
			path = Spinner;
			sourceTree = "<group>";
		};
		F99585081D058D3B0027DF1F /* Login */ = {
			isa = PBXGroup;
			children = (
				F99585091D0592540027DF1F /* LoginViewController.swift */,
				F95A96571D100AC100C87F18 /* RegisterViewController.swift */,
			);
			path = Login;
			sourceTree = "<group>";
		};
/* End PBXGroup section */

/* Begin PBXNativeTarget section */
		F99584E51D0589210027DF1F /* MyIn */ = {
			isa = PBXNativeTarget;
			buildConfigurationList = F99584F81D0589210027DF1F /* Build configuration list for PBXNativeTarget "MyIn" */;
			buildPhases = (
				F99584E21D0589210027DF1F /* Sources */,
				F99584E31D0589210027DF1F /* Frameworks */,
				F99584E41D0589210027DF1F /* Resources */,
			);
			buildRules = (
			);
			dependencies = (
			);
			name = MyIn;
			productName = MyIn;
			productReference = F99584E61D0589210027DF1F /* MyIn.app */;
			productType = "com.apple.product-type.application";
		};
/* End PBXNativeTarget section */

/* Begin PBXProject section */
		F99584DE1D0589210027DF1F /* Project object */ = {
			isa = PBXProject;
			attributes = {
				LastSwiftUpdateCheck = 0730;
				LastUpgradeCheck = 0730;
				ORGANIZATIONNAME = binglong;
				TargetAttributes = {
					F99584E51D0589210027DF1F = {
						CreatedOnToolsVersion = 7.3;
					};
				};
			};
			buildConfigurationList = F99584E11D0589210027DF1F /* Build configuration list for PBXProject "MyIn" */;
			compatibilityVersion = "Xcode 3.2";
			developmentRegion = English;
			hasScannedForEncodings = 0;
			knownRegions = (
				en,
				Base,
			);
			mainGroup = F99584DD1D0589210027DF1F;
			productRefGroup = F99584E71D0589210027DF1F /* Products */;
			projectDirPath = "";
			projectRoot = "";
			targets = (
				F99584E51D0589210027DF1F /* MyIn */,
			);
		};
/* End PBXProject section */

/* Begin PBXResourcesBuildPhase section */
		F99584E41D0589210027DF1F /* Resources */ = {
			isa = PBXResourcesBuildPhase;
			buildActionMask = 2147483647;
			files = (
				F99584F41D0589210027DF1F /* LaunchScreen.storyboard in Resources */,
				F99584F11D0589210027DF1F /* Assets.xcassets in Resources */,
				F99584EF1D0589210027DF1F /* Main.storyboard in Resources */,
				F99585061D058D110027DF1F /* .gitkeep in Resources */,
			);
			runOnlyForDeploymentPostprocessing = 0;
		};
/* End PBXResourcesBuildPhase section */

/* Begin PBXSourcesBuildPhase section */
		F99584E21D0589210027DF1F /* Sources */ = {
			isa = PBXSourcesBuildPhase;
			buildActionMask = 2147483647;
			files = (
				F99584EC1D0589210027DF1F /* ViewController.swift in Sources */,
				F99585071D058D110027DF1F /* MMMaterialDesignSpinner.m in Sources */,
				F95A96581D100AC100C87F18 /* RegisterViewController.swift in Sources */,
				F995850A1D0592540027DF1F /* LoginViewController.swift in Sources */,
				F99584EA1D0589210027DF1F /* AppDelegate.swift in Sources */,
				F9BA58941D06CC4700437C59 /* Spinner.swift in Sources */,
				F9CE80131D0FA162008CE3EF /* PPActionSheet.swift in Sources */,
			);
			runOnlyForDeploymentPostprocessing = 0;
		};
/* End PBXSourcesBuildPhase section */

/* Begin PBXVariantGroup section */
		F99584ED1D0589210027DF1F /* Main.storyboard */ = {
			isa = PBXVariantGroup;
			children = (
				F99584EE1D0589210027DF1F /* Base */,
			);
			name = Main.storyboard;
			sourceTree = "<group>";
		};
		F99584F21D0589210027DF1F /* LaunchScreen.storyboard */ = {
			isa = PBXVariantGroup;
			children = (
				F99584F31D0589210027DF1F /* Base */,
			);
			name = LaunchScreen.storyboard;
			sourceTree = "<group>";
		};
/* End PBXVariantGroup section */

/* Begin XCBuildConfiguration section */
		F99584F61D0589210027DF1F /* Debug */ = {
			isa = XCBuildConfiguration;
			buildSettings = {
				ALWAYS_SEARCH_USER_PATHS = NO;
				CLANG_ANALYZER_NONNULL = YES;
				CLANG_CXX_LANGUAGE_STANDARD = "gnu++0x";
				CLANG_CXX_LIBRARY = "libc++";
				CLANG_ENABLE_MODULES = YES;
				CLANG_ENABLE_OBJC_ARC = YES;
				CLANG_WARN_BOOL_CONVERSION = YES;
				CLANG_WARN_CONSTANT_CONVERSION = YES;
				CLANG_WARN_DIRECT_OBJC_ISA_USAGE = YES_ERROR;
				CLANG_WARN_EMPTY_BODY = YES;
				CLANG_WARN_ENUM_CONVERSION = YES;
				CLANG_WARN_INT_CONVERSION = YES;
				CLANG_WARN_OBJC_ROOT_CLASS = YES_ERROR;
				CLANG_WARN_UNREACHABLE_CODE = YES;
				CLANG_WARN__DUPLICATE_METHOD_MATCH = YES;
				"CODE_SIGN_IDENTITY[sdk=iphoneos*]" = "iPhone Developer";
				COPY_PHASE_STRIP = NO;
				DEBUG_INFORMATION_FORMAT = dwarf;
				ENABLE_STRICT_OBJC_MSGSEND = YES;
				ENABLE_TESTABILITY = YES;
				GCC_C_LANGUAGE_STANDARD = gnu99;
				GCC_DYNAMIC_NO_PIC = NO;
				GCC_NO_COMMON_BLOCKS = YES;
				GCC_OPTIMIZATION_LEVEL = 0;
				GCC_PREPROCESSOR_DEFINITIONS = (
					"DEBUG=1",
					"$(inherited)",
				);
				GCC_WARN_64_TO_32_BIT_CONVERSION = YES;
				GCC_WARN_ABOUT_RETURN_TYPE = YES_ERROR;
				GCC_WARN_UNDECLARED_SELECTOR = YES;
				GCC_WARN_UNINITIALIZED_AUTOS = YES_AGGRESSIVE;
				GCC_WARN_UNUSED_FUNCTION = YES;
				GCC_WARN_UNUSED_VARIABLE = YES;
				IPHONEOS_DEPLOYMENT_TARGET = 9.3;
				MTL_ENABLE_DEBUG_INFO = YES;
				ONLY_ACTIVE_ARCH = YES;
				SDKROOT = iphoneos;
				SWIFT_OPTIMIZATION_LEVEL = "-Onone";
				TARGETED_DEVICE_FAMILY = "1,2";
			};
			name = Debug;
		};
		F99584F71D0589210027DF1F /* Release */ = {
			isa = XCBuildConfiguration;
			buildSettings = {
				ALWAYS_SEARCH_USER_PATHS = NO;
				CLANG_ANALYZER_NONNULL = YES;
				CLANG_CXX_LANGUAGE_STANDARD = "gnu++0x";
				CLANG_CXX_LIBRARY = "libc++";
				CLANG_ENABLE_MODULES = YES;
				CLANG_ENABLE_OBJC_ARC = YES;
				CLANG_WARN_BOOL_CONVERSION = YES;
				CLANG_WARN_CONSTANT_CONVERSION = YES;
				CLANG_WARN_DIRECT_OBJC_ISA_USAGE = YES_ERROR;
				CLANG_WARN_EMPTY_BODY = YES;
				CLANG_WARN_ENUM_CONVERSION = YES;
				CLANG_WARN_INT_CONVERSION = YES;
				CLANG_WARN_OBJC_ROOT_CLASS = YES_ERROR;
				CLANG_WARN_UNREACHABLE_CODE = YES;
				CLANG_WARN__DUPLICATE_METHOD_MATCH = YES;
				"CODE_SIGN_IDENTITY[sdk=iphoneos*]" = "iPhone Developer";
				COPY_PHASE_STRIP = NO;
				DEBUG_INFORMATION_FORMAT = "dwarf-with-dsym";
				ENABLE_NS_ASSERTIONS = NO;
				ENABLE_STRICT_OBJC_MSGSEND = YES;
				GCC_C_LANGUAGE_STANDARD = gnu99;
				GCC_NO_COMMON_BLOCKS = YES;
				GCC_WARN_64_TO_32_BIT_CONVERSION = YES;
				GCC_WARN_ABOUT_RETURN_TYPE = YES_ERROR;
				GCC_WARN_UNDECLARED_SELECTOR = YES;
				GCC_WARN_UNINITIALIZED_AUTOS = YES_AGGRESSIVE;
				GCC_WARN_UNUSED_FUNCTION = YES;
				GCC_WARN_UNUSED_VARIABLE = YES;
				IPHONEOS_DEPLOYMENT_TARGET = 9.3;
				MTL_ENABLE_DEBUG_INFO = NO;
				SDKROOT = iphoneos;
				TARGETED_DEVICE_FAMILY = "1,2";
				VALIDATE_PRODUCT = YES;
			};
			name = Release;
		};
		F99584F91D0589210027DF1F /* Debug */ = {
			isa = XCBuildConfiguration;
			buildSettings = {
				ASSETCATALOG_COMPILER_APPICON_NAME = AppIcon;
				INFOPLIST_FILE = MyIn/Info.plist;
				IPHONEOS_DEPLOYMENT_TARGET = 8.0;
				LD_RUNPATH_SEARCH_PATHS = "$(inherited) @executable_path/Frameworks";
				PRODUCT_BUNDLE_IDENTIFIER = AC.MyIn;
				PRODUCT_NAME = "$(TARGET_NAME)";
			};
			name = Debug;
		};
		F99584FA1D0589210027DF1F /* Release */ = {
			isa = XCBuildConfiguration;
			buildSettings = {
				ASSETCATALOG_COMPILER_APPICON_NAME = AppIcon;
				INFOPLIST_FILE = MyIn/Info.plist;
				IPHONEOS_DEPLOYMENT_TARGET = 8.0;
				LD_RUNPATH_SEARCH_PATHS = "$(inherited) @executable_path/Frameworks";
				PRODUCT_BUNDLE_IDENTIFIER = AC.MyIn;
				PRODUCT_NAME = "$(TARGET_NAME)";
			};
			name = Release;
		};
/* End XCBuildConfiguration section */

/* Begin XCConfigurationList section */
		F99584E11D0589210027DF1F /* Build configuration list for PBXProject "MyIn" */ = {
			isa = XCConfigurationList;
			buildConfigurations = (
				F99584F61D0589210027DF1F /* Debug */,
				F99584F71D0589210027DF1F /* Release */,
			);
			defaultConfigurationIsVisible = 0;
			defaultConfigurationName = Release;
		};
		F99584F81D0589210027DF1F /* Build configuration list for PBXNativeTarget "MyIn" */ = {
			isa = XCConfigurationList;
			buildConfigurations = (
				F99584F91D0589210027DF1F /* Debug */,
				F99584FA1D0589210027DF1F /* Release */,
			);
			defaultConfigurationIsVisible = 0;
			defaultConfigurationName = Release;
		};
/* End XCConfigurationList section */
	};
	rootObject = F99584DE1D0589210027DF1F /* Project object */;
}
